version = 1
revision = 2
requires-python = ">=3.13"

[[package]]
name = "aggdraw"
version = "1.3.19"
source = { registry = "https://pypi.org/simple" }
sdist = { url = "https://files.pythonhosted.org/packages/03/f1/031b1205f1f580c41566a509166f7097cbff13adffd0c1080b0b3e0ea4ae/aggdraw-1.3.19.tar.gz", hash = "sha256:e78a23b29fb66a079832bae5604f082bfa4ff9d5d469c77506a67253d7fee7db", size = 260414, upload-time = "2024-09-11T16:59:53.445Z" }
wheels = [
    { url = "https://files.pythonhosted.org/packages/e9/75/eb67b18d131cf08b68db7bd2cb971e58280a3a6c216f662f92751e11bd77/aggdraw-1.3.19-cp313-cp313-macosx_14_0_arm64.whl", hash = "sha256:f7cb8141620ec4cb3be55601115126d9a1b084ef5bdea0bb510007efa42e8cfe", size = 479637, upload-time = "2024-09-11T16:59:39.617Z" },
    { url = "https://files.pythonhosted.org/packages/76/ed/dd15ed34166139f0fc1ae8956b6aa4657b38e209e6bd35f1ee4617690c15/aggdraw-1.3.19-cp313-cp313-manylinux_2_17_aarch64.manylinux2014_aarch64.whl", hash = "sha256:aecacc4f6d13b8343ac07624576bab4dadd4528f0c47f54b2fae0656fc913670", size = 975787, upload-time = "2024-09-11T16:59:41.145Z" },
    { url = "https://files.pythonhosted.org/packages/83/46/c5b9094701787d11e40c7bfced2c081fb59e9afc740722bb0d71f5e0335d/aggdraw-1.3.19-cp313-cp313-manylinux_2_17_x86_64.manylinux2014_x86_64.whl", hash = "sha256:981210dbcbb649d80763a8ae32b845ff517103718c6bb0a95bae5b9d5d1c8cd2", size = 999932, upload-time = "2024-09-11T16:59:42.576Z" },
    { url = "https://files.pythonhosted.org/packages/fa/11/a0d24b499e4f5800817e4760ad0be3c51713a458b1030df0e5192fae5d57/aggdraw-1.3.19-cp313-cp313-win_amd64.whl", hash = "sha256:41e09faf469cae11339f5d1b0680dba7ec02502efebc10086f1a142a8a39afb8", size = 45067, upload-time = "2024-09-11T16:59:43.789Z" },
    { url = "https://files.pythonhosted.org/packages/bf/1f/fe05b249ee116ba5c659b6e312ddc2a22dc1490f8869c2478404be220b23/aggdraw-1.3.19-cp313-cp313-win_arm64.whl", hash = "sha256:e5552ac136225692a774d481a9baa0736c68739f64b7a7ec9f4cc5f69c8a789a", size = 34185, upload-time = "2024-09-11T16:59:44.859Z" },
]

[[package]]
name = "construct"
version = "2.10.70"
source = { registry = "https://pypi.org/simple" }
sdist = { url = "https://files.pythonhosted.org/packages/02/77/8c84b98eca70d245a2a956452f21d57930d22ab88cbeed9290ca630cf03f/construct-2.10.70.tar.gz", hash = "sha256:4d2472f9684731e58cc9c56c463be63baa1447d674e0d66aeb5627b22f512c29", size = 86337, upload-time = "2023-11-29T08:44:49.545Z" }
wheels = [
    { url = "https://files.pythonhosted.org/packages/b2/fb/08b3f4bf05da99aba8ffea52a558758def16e8516bc75ca94ff73587e7d3/construct-2.10.70-py3-none-any.whl", hash = "sha256:c80be81ef595a1a821ec69dc16099550ed22197615f4320b57cc9ce2a672cb30", size = 63020, upload-time = "2023-11-29T08:44:46.876Z" },
]

[[package]]
name = "klibs"
version = "0.7.7b1"
source = { git = "https://github.com/a-hurst/klibs#08a6eb2995e24b62432d1ac3733b4d4861de79a4" }
dependencies = [
    { name = "aggdraw" },
    { name = "numpy" },
    { name = "pillow" },
    { name = "pyopengl" },
    { name = "pysdl2" },
    { name = "pysdl2-dll" },
]

[[package]]
name = "markdown-it-py"
version = "3.0.0"
source = { registry = "https://pypi.org/simple" }
dependencies = [
    { name = "mdurl" },
]
sdist = { url = "https://files.pythonhosted.org/packages/38/71/3b932df36c1a044d397a1f92d1cf91ee0a503d91e470cbd670aa66b07ed0/markdown-it-py-3.0.0.tar.gz", hash = "sha256:e3f60a94fa066dc52ec76661e37c851cb232d92f9886b15cb560aaada2df8feb", size = 74596, upload-time = "2023-06-03T06:41:14.443Z" }
wheels = [
    { url = "https://files.pythonhosted.org/packages/42/d7/1ec15b46af6af88f19b8e5ffea08fa375d433c998b8a7639e76935c14f1f/markdown_it_py-3.0.0-py3-none-any.whl", hash = "sha256:355216845c60bd96232cd8d8c40e8f9765cc86f46880e43a8fd22dc1a1a8cab1", size = 87528, upload-time = "2023-06-03T06:41:11.019Z" },
]

[[package]]
name = "mdurl"
version = "0.1.2"
source = { registry = "https://pypi.org/simple" }
sdist = { url = "https://files.pythonhosted.org/packages/d6/54/cfe61301667036ec958cb99bd3efefba235e65cdeb9c84d24a8293ba1d90/mdurl-0.1.2.tar.gz", hash = "sha256:bb413d29f5eea38f31dd4754dd7377d4465116fb207585f97bf925588687c1ba", size = 8729, upload-time = "2022-08-14T12:40:10.846Z" }
wheels = [
    { url = "https://files.pythonhosted.org/packages/b3/38/89ba8ad64ae25be8de66a6d463314cf1eb366222074cfda9ee839c56a4b4/mdurl-0.1.2-py3-none-any.whl", hash = "sha256:84008a41e51615a49fc9966191ff91509e3c40b939176e643fd50a5c2196b8f8", size = 9979, upload-time = "2022-08-14T12:40:09.779Z" },
]

[[package]]
name = "mouseinfo"
version = "0.1.3"
source = { registry = "https://pypi.org/simple" }
dependencies = [
    { name = "pyperclip" },
    { name = "python3-xlib", marker = "sys_platform == 'linux'" },
    { name = "rubicon-objc", marker = "sys_platform == 'darwin'" },
]
sdist = { url = "https://files.pythonhosted.org/packages/28/fa/b2ba8229b9381e8f6381c1dcae6f4159a7f72349e414ed19cfbbd1817173/MouseInfo-0.1.3.tar.gz", hash = "sha256:2c62fb8885062b8e520a3cce0a297c657adcc08c60952eb05bc8256ef6f7f6e7", size = 10850, upload-time = "2020-03-27T21:20:10.136Z" }

[[package]]
name = "numpy"
version = "2.2.6"
source = { registry = "https://pypi.org/simple" }
sdist = { url = "https://files.pythonhosted.org/packages/76/21/7d2a95e4bba9dc13d043ee156a356c0a8f0c6309dff6b21b4d71a073b8a8/numpy-2.2.6.tar.gz", hash = "sha256:e29554e2bef54a90aa5cc07da6ce955accb83f21ab5de01a62c8478897b264fd", size = 20276440, upload-time = "2025-05-17T22:38:04.611Z" }
wheels = [
    { url = "https://files.pythonhosted.org/packages/f9/5c/6657823f4f594f72b5471f1db1ab12e26e890bb2e41897522d134d2a3e81/numpy-2.2.6-cp313-cp313-macosx_10_13_x86_64.whl", hash = "sha256:0811bb762109d9708cca4d0b13c4f67146e3c3b7cf8d34018c722adb2d957c84", size = 20867828, upload-time = "2025-05-17T21:37:56.699Z" },
    { url = "https://files.pythonhosted.org/packages/dc/9e/14520dc3dadf3c803473bd07e9b2bd1b69bc583cb2497b47000fed2fa92f/numpy-2.2.6-cp313-cp313-macosx_11_0_arm64.whl", hash = "sha256:287cc3162b6f01463ccd86be154f284d0893d2b3ed7292439ea97eafa8170e0b", size = 14143006, upload-time = "2025-05-17T21:38:18.291Z" },
    { url = "https://files.pythonhosted.org/packages/4f/06/7e96c57d90bebdce9918412087fc22ca9851cceaf5567a45c1f404480e9e/numpy-2.2.6-cp313-cp313-macosx_14_0_arm64.whl", hash = "sha256:f1372f041402e37e5e633e586f62aa53de2eac8d98cbfb822806ce4bbefcb74d", size = 5076765, upload-time = "2025-05-17T21:38:27.319Z" },
    { url = "https://files.pythonhosted.org/packages/73/ed/63d920c23b4289fdac96ddbdd6132e9427790977d5457cd132f18e76eae0/numpy-2.2.6-cp313-cp313-macosx_14_0_x86_64.whl", hash = "sha256:55a4d33fa519660d69614a9fad433be87e5252f4b03850642f88993f7b2ca566", size = 6617736, upload-time = "2025-05-17T21:38:38.141Z" },
    { url = "https://files.pythonhosted.org/packages/85/c5/e19c8f99d83fd377ec8c7e0cf627a8049746da54afc24ef0a0cb73d5dfb5/numpy-2.2.6-cp313-cp313-manylinux_2_17_aarch64.manylinux2014_aarch64.whl", hash = "sha256:f92729c95468a2f4f15e9bb94c432a9229d0d50de67304399627a943201baa2f", size = 14010719, upload-time = "2025-05-17T21:38:58.433Z" },
    { url = "https://files.pythonhosted.org/packages/19/49/4df9123aafa7b539317bf6d342cb6d227e49f7a35b99c287a6109b13dd93/numpy-2.2.6-cp313-cp313-manylinux_2_17_x86_64.manylinux2014_x86_64.whl", hash = "sha256:1bc23a79bfabc5d056d106f9befb8d50c31ced2fbc70eedb8155aec74a45798f", size = 16526072, upload-time = "2025-05-17T21:39:22.638Z" },
    { url = "https://files.pythonhosted.org/packages/b2/6c/04b5f47f4f32f7c2b0e7260442a8cbcf8168b0e1a41ff1495da42f42a14f/numpy-2.2.6-cp313-cp313-musllinux_1_2_aarch64.whl", hash = "sha256:e3143e4451880bed956e706a3220b4e5cf6172ef05fcc397f6f36a550b1dd868", size = 15503213, upload-time = "2025-05-17T21:39:45.865Z" },
    { url = "https://files.pythonhosted.org/packages/17/0a/5cd92e352c1307640d5b6fec1b2ffb06cd0dabe7d7b8227f97933d378422/numpy-2.2.6-cp313-cp313-musllinux_1_2_x86_64.whl", hash = "sha256:b4f13750ce79751586ae2eb824ba7e1e8dba64784086c98cdbbcc6a42112ce0d", size = 18316632, upload-time = "2025-05-17T21:40:13.331Z" },
    { url = "https://files.pythonhosted.org/packages/f0/3b/5cba2b1d88760ef86596ad0f3d484b1cbff7c115ae2429678465057c5155/numpy-2.2.6-cp313-cp313-win32.whl", hash = "sha256:5beb72339d9d4fa36522fc63802f469b13cdbe4fdab4a288f0c441b74272ebfd", size = 6244532, upload-time = "2025-05-17T21:43:46.099Z" },
    { url = "https://files.pythonhosted.org/packages/cb/3b/d58c12eafcb298d4e6d0d40216866ab15f59e55d148a5658bb3132311fcf/numpy-2.2.6-cp313-cp313-win_amd64.whl", hash = "sha256:b0544343a702fa80c95ad5d3d608ea3599dd54d4632df855e4c8d24eb6ecfa1c", size = 12610885, upload-time = "2025-05-17T21:44:05.145Z" },
    { url = "https://files.pythonhosted.org/packages/6b/9e/4bf918b818e516322db999ac25d00c75788ddfd2d2ade4fa66f1f38097e1/numpy-2.2.6-cp313-cp313t-macosx_10_13_x86_64.whl", hash = "sha256:0bca768cd85ae743b2affdc762d617eddf3bcf8724435498a1e80132d04879e6", size = 20963467, upload-time = "2025-05-17T21:40:44Z" },
    { url = "https://files.pythonhosted.org/packages/61/66/d2de6b291507517ff2e438e13ff7b1e2cdbdb7cb40b3ed475377aece69f9/numpy-2.2.6-cp313-cp313t-macosx_11_0_arm64.whl", hash = "sha256:fc0c5673685c508a142ca65209b4e79ed6740a4ed6b2267dbba90f34b0b3cfda", size = 14225144, upload-time = "2025-05-17T21:41:05.695Z" },
    { url = "https://files.pythonhosted.org/packages/e4/25/480387655407ead912e28ba3a820bc69af9adf13bcbe40b299d454ec011f/numpy-2.2.6-cp313-cp313t-macosx_14_0_arm64.whl", hash = "sha256:5bd4fc3ac8926b3819797a7c0e2631eb889b4118a9898c84f585a54d475b7e40", size = 5200217, upload-time = "2025-05-17T21:41:15.903Z" },
    { url = "https://files.pythonhosted.org/packages/aa/4a/6e313b5108f53dcbf3aca0c0f3e9c92f4c10ce57a0a721851f9785872895/numpy-2.2.6-cp313-cp313t-macosx_14_0_x86_64.whl", hash = "sha256:fee4236c876c4e8369388054d02d0e9bb84821feb1a64dd59e137e6511a551f8", size = 6712014, upload-time = "2025-05-17T21:41:27.321Z" },
    { url = "https://files.pythonhosted.org/packages/b7/30/172c2d5c4be71fdf476e9de553443cf8e25feddbe185e0bd88b096915bcc/numpy-2.2.6-cp313-cp313t-manylinux_2_17_aarch64.manylinux2014_aarch64.whl", hash = "sha256:e1dda9c7e08dc141e0247a5b8f49cf05984955246a327d4c48bda16821947b2f", size = 14077935, upload-time = "2025-05-17T21:41:49.738Z" },
    { url = "https://files.pythonhosted.org/packages/12/fb/9e743f8d4e4d3c710902cf87af3512082ae3d43b945d5d16563f26ec251d/numpy-2.2.6-cp313-cp313t-manylinux_2_17_x86_64.manylinux2014_x86_64.whl", hash = "sha256:f447e6acb680fd307f40d3da4852208af94afdfab89cf850986c3ca00562f4fa", size = 16600122, upload-time = "2025-05-17T21:42:14.046Z" },
    { url = "https://files.pythonhosted.org/packages/12/75/ee20da0e58d3a66f204f38916757e01e33a9737d0b22373b3eb5a27358f9/numpy-2.2.6-cp313-cp313t-musllinux_1_2_aarch64.whl", hash = "sha256:389d771b1623ec92636b0786bc4ae56abafad4a4c513d36a55dce14bd9ce8571", size = 15586143, upload-time = "2025-05-17T21:42:37.464Z" },
    { url = "https://files.pythonhosted.org/packages/76/95/bef5b37f29fc5e739947e9ce5179ad402875633308504a52d188302319c8/numpy-2.2.6-cp313-cp313t-musllinux_1_2_x86_64.whl", hash = "sha256:8e9ace4a37db23421249ed236fdcdd457d671e25146786dfc96835cd951aa7c1", size = 18385260, upload-time = "2025-05-17T21:43:05.189Z" },
    { url = "https://files.pythonhosted.org/packages/09/04/f2f83279d287407cf36a7a8053a5abe7be3622a4363337338f2585e4afda/numpy-2.2.6-cp313-cp313t-win32.whl", hash = "sha256:038613e9fb8c72b0a41f025a7e4c3f0b7a1b5d768ece4796b674c8f3fe13efff", size = 6377225, upload-time = "2025-05-17T21:43:16.254Z" },
    { url = "https://files.pythonhosted.org/packages/67/0e/35082d13c09c02c011cf21570543d202ad929d961c02a147493cb0c2bdf5/numpy-2.2.6-cp313-cp313t-win_amd64.whl", hash = "sha256:6031dd6dfecc0cf9f668681a37648373bddd6421fff6c66ec1624eed0180ee06", size = 12771374, upload-time = "2025-05-17T21:43:35.479Z" },
]

[[package]]
name = "pillow"
version = "11.2.1"
source = { registry = "https://pypi.org/simple" }
sdist = { url = "https://files.pythonhosted.org/packages/af/cb/bb5c01fcd2a69335b86c22142b2bccfc3464087efb7fd382eee5ffc7fdf7/pillow-11.2.1.tar.gz", hash = "sha256:a64dd61998416367b7ef979b73d3a85853ba9bec4c2925f74e588879a58716b6", size = 47026707, upload-time = "2025-04-12T17:50:03.289Z" }
wheels = [
    { url = "https://files.pythonhosted.org/packages/36/9c/447528ee3776e7ab8897fe33697a7ff3f0475bb490c5ac1456a03dc57956/pillow-11.2.1-cp313-cp313-macosx_10_13_x86_64.whl", hash = "sha256:fdec757fea0b793056419bca3e9932eb2b0ceec90ef4813ea4c1e072c389eb28", size = 3190098, upload-time = "2025-04-12T17:48:23.915Z" },
    { url = "https://files.pythonhosted.org/packages/b5/09/29d5cd052f7566a63e5b506fac9c60526e9ecc553825551333e1e18a4858/pillow-11.2.1-cp313-cp313-macosx_11_0_arm64.whl", hash = "sha256:b0e130705d568e2f43a17bcbe74d90958e8a16263868a12c3e0d9c8162690830", size = 3030166, upload-time = "2025-04-12T17:48:25.738Z" },
    { url = "https://files.pythonhosted.org/packages/71/5d/446ee132ad35e7600652133f9c2840b4799bbd8e4adba881284860da0a36/pillow-11.2.1-cp313-cp313-manylinux_2_17_aarch64.manylinux2014_aarch64.whl", hash = "sha256:7bdb5e09068332578214cadd9c05e3d64d99e0e87591be22a324bdbc18925be0", size = 4408674, upload-time = "2025-04-12T17:48:27.908Z" },
    { url = "https://files.pythonhosted.org/packages/69/5f/cbe509c0ddf91cc3a03bbacf40e5c2339c4912d16458fcb797bb47bcb269/pillow-11.2.1-cp313-cp313-manylinux_2_17_x86_64.manylinux2014_x86_64.whl", hash = "sha256:d189ba1bebfbc0c0e529159631ec72bb9e9bc041f01ec6d3233d6d82eb823bc1", size = 4496005, upload-time = "2025-04-12T17:48:29.888Z" },
    { url = "https://files.pythonhosted.org/packages/f9/b3/dd4338d8fb8a5f312021f2977fb8198a1184893f9b00b02b75d565c33b51/pillow-11.2.1-cp313-cp313-manylinux_2_28_aarch64.whl", hash = "sha256:191955c55d8a712fab8934a42bfefbf99dd0b5875078240943f913bb66d46d9f", size = 4518707, upload-time = "2025-04-12T17:48:31.874Z" },
    { url = "https://files.pythonhosted.org/packages/13/eb/2552ecebc0b887f539111c2cd241f538b8ff5891b8903dfe672e997529be/pillow-11.2.1-cp313-cp313-manylinux_2_28_x86_64.whl", hash = "sha256:ad275964d52e2243430472fc5d2c2334b4fc3ff9c16cb0a19254e25efa03a155", size = 4610008, upload-time = "2025-04-12T17:48:34.422Z" },
    { url = "https://files.pythonhosted.org/packages/72/d1/924ce51bea494cb6e7959522d69d7b1c7e74f6821d84c63c3dc430cbbf3b/pillow-11.2.1-cp313-cp313-musllinux_1_2_aarch64.whl", hash = "sha256:750f96efe0597382660d8b53e90dd1dd44568a8edb51cb7f9d5d918b80d4de14", size = 4585420, upload-time = "2025-04-12T17:48:37.641Z" },
    { url = "https://files.pythonhosted.org/packages/43/ab/8f81312d255d713b99ca37479a4cb4b0f48195e530cdc1611990eb8fd04b/pillow-11.2.1-cp313-cp313-musllinux_1_2_x86_64.whl", hash = "sha256:fe15238d3798788d00716637b3d4e7bb6bde18b26e5d08335a96e88564a36b6b", size = 4667655, upload-time = "2025-04-12T17:48:39.652Z" },
    { url = "https://files.pythonhosted.org/packages/94/86/8f2e9d2dc3d308dfd137a07fe1cc478df0a23d42a6c4093b087e738e4827/pillow-11.2.1-cp313-cp313-win32.whl", hash = "sha256:3fe735ced9a607fee4f481423a9c36701a39719252a9bb251679635f99d0f7d2", size = 2332329, upload-time = "2025-04-12T17:48:41.765Z" },
    { url = "https://files.pythonhosted.org/packages/6d/ec/1179083b8d6067a613e4d595359b5fdea65d0a3b7ad623fee906e1b3c4d2/pillow-11.2.1-cp313-cp313-win_amd64.whl", hash = "sha256:74ee3d7ecb3f3c05459ba95eed5efa28d6092d751ce9bf20e3e253a4e497e691", size = 2676388, upload-time = "2025-04-12T17:48:43.625Z" },
    { url = "https://files.pythonhosted.org/packages/23/f1/2fc1e1e294de897df39fa8622d829b8828ddad938b0eaea256d65b84dd72/pillow-11.2.1-cp313-cp313-win_arm64.whl", hash = "sha256:5119225c622403afb4b44bad4c1ca6c1f98eed79db8d3bc6e4e160fc6339d66c", size = 2414950, upload-time = "2025-04-12T17:48:45.475Z" },
    { url = "https://files.pythonhosted.org/packages/c4/3e/c328c48b3f0ead7bab765a84b4977acb29f101d10e4ef57a5e3400447c03/pillow-11.2.1-cp313-cp313t-macosx_10_13_x86_64.whl", hash = "sha256:8ce2e8411c7aaef53e6bb29fe98f28cd4fbd9a1d9be2eeea434331aac0536b22", size = 3192759, upload-time = "2025-04-12T17:48:47.866Z" },
    { url = "https://files.pythonhosted.org/packages/18/0e/1c68532d833fc8b9f404d3a642991441d9058eccd5606eab31617f29b6d4/pillow-11.2.1-cp313-cp313t-macosx_11_0_arm64.whl", hash = "sha256:9ee66787e095127116d91dea2143db65c7bb1e232f617aa5957c0d9d2a3f23a7", size = 3033284, upload-time = "2025-04-12T17:48:50.189Z" },
    { url = "https://files.pythonhosted.org/packages/b7/cb/6faf3fb1e7705fd2db74e070f3bf6f88693601b0ed8e81049a8266de4754/pillow-11.2.1-cp313-cp313t-manylinux_2_17_aarch64.manylinux2014_aarch64.whl", hash = "sha256:9622e3b6c1d8b551b6e6f21873bdcc55762b4b2126633014cea1803368a9aa16", size = 4445826, upload-time = "2025-04-12T17:48:52.346Z" },
    { url = "https://files.pythonhosted.org/packages/07/94/8be03d50b70ca47fb434a358919d6a8d6580f282bbb7af7e4aa40103461d/pillow-11.2.1-cp313-cp313t-manylinux_2_17_x86_64.manylinux2014_x86_64.whl", hash = "sha256:63b5dff3a68f371ea06025a1a6966c9a1e1ee452fc8020c2cd0ea41b83e9037b", size = 4527329, upload-time = "2025-04-12T17:48:54.403Z" },
    { url = "https://files.pythonhosted.org/packages/fd/a4/bfe78777076dc405e3bd2080bc32da5ab3945b5a25dc5d8acaa9de64a162/pillow-11.2.1-cp313-cp313t-manylinux_2_28_aarch64.whl", hash = "sha256:31df6e2d3d8fc99f993fd253e97fae451a8db2e7207acf97859732273e108406", size = 4549049, upload-time = "2025-04-12T17:48:56.383Z" },
    { url = "https://files.pythonhosted.org/packages/65/4d/eaf9068dc687c24979e977ce5677e253624bd8b616b286f543f0c1b91662/pillow-11.2.1-cp313-cp313t-manylinux_2_28_x86_64.whl", hash = "sha256:062b7a42d672c45a70fa1f8b43d1d38ff76b63421cbbe7f88146b39e8a558d91", size = 4635408, upload-time = "2025-04-12T17:48:58.782Z" },
    { url = "https://files.pythonhosted.org/packages/1d/26/0fd443365d9c63bc79feb219f97d935cd4b93af28353cba78d8e77b61719/pillow-11.2.1-cp313-cp313t-musllinux_1_2_aarch64.whl", hash = "sha256:4eb92eca2711ef8be42fd3f67533765d9fd043b8c80db204f16c8ea62ee1a751", size = 4614863, upload-time = "2025-04-12T17:49:00.709Z" },
    { url = "https://files.pythonhosted.org/packages/49/65/dca4d2506be482c2c6641cacdba5c602bc76d8ceb618fd37de855653a419/pillow-11.2.1-cp313-cp313t-musllinux_1_2_x86_64.whl", hash = "sha256:f91ebf30830a48c825590aede79376cb40f110b387c17ee9bd59932c961044f9", size = 4692938, upload-time = "2025-04-12T17:49:02.946Z" },
    { url = "https://files.pythonhosted.org/packages/b3/92/1ca0c3f09233bd7decf8f7105a1c4e3162fb9142128c74adad0fb361b7eb/pillow-11.2.1-cp313-cp313t-win32.whl", hash = "sha256:e0b55f27f584ed623221cfe995c912c61606be8513bfa0e07d2c674b4516d9dd", size = 2335774, upload-time = "2025-04-12T17:49:04.889Z" },
    { url = "https://files.pythonhosted.org/packages/a5/ac/77525347cb43b83ae905ffe257bbe2cc6fd23acb9796639a1f56aa59d191/pillow-11.2.1-cp313-cp313t-win_amd64.whl", hash = "sha256:36d6b82164c39ce5482f649b437382c0fb2395eabc1e2b1702a6deb8ad647d6e", size = 2681895, upload-time = "2025-04-12T17:49:06.635Z" },
    { url = "https://files.pythonhosted.org/packages/67/32/32dc030cfa91ca0fc52baebbba2e009bb001122a1daa8b6a79ad830b38d3/pillow-11.2.1-cp313-cp313t-win_arm64.whl", hash = "sha256:225c832a13326e34f212d2072982bb1adb210e0cc0b153e688743018c94a2681", size = 2417234, upload-time = "2025-04-12T17:49:08.399Z" },
]

[[package]]
name = "pyautogui"
version = "0.9.54"
source = { registry = "https://pypi.org/simple" }
dependencies = [
    { name = "mouseinfo" },
    { name = "pygetwindow" },
    { name = "pymsgbox" },
    { name = "pyobjc-core", marker = "sys_platform == 'darwin'" },
    { name = "pyobjc-framework-quartz", marker = "sys_platform == 'darwin'" },
    { name = "pyscreeze" },
    { name = "python3-xlib", marker = "sys_platform == 'linux'" },
    { name = "pytweening" },
]
sdist = { url = "https://files.pythonhosted.org/packages/65/ff/cdae0a8c2118a0de74b6cf4cbcdcaf8fd25857e6c3f205ce4b1794b27814/PyAutoGUI-0.9.54.tar.gz", hash = "sha256:dd1d29e8fd118941cb193f74df57e5c6ff8e9253b99c7b04f39cfc69f3ae04b2", size = 61236, upload-time = "2023-05-24T20:11:32.972Z" }

[[package]]
name = "pygetwindow"
version = "0.0.9"
source = { registry = "https://pypi.org/simple" }
dependencies = [
    { name = "pyrect" },
]
sdist = { url = "https://files.pythonhosted.org/packages/e1/70/c7a4f46dbf06048c6d57d9489b8e0f9c4c3d36b7479f03c5ca97eaa2541d/PyGetWindow-0.0.9.tar.gz", hash = "sha256:17894355e7d2b305cd832d717708384017c1698a90ce24f6f7fbf0242dd0a688", size = 9699, upload-time = "2020-10-04T02:12:50.806Z" }

[[package]]
name = "pygments"
version = "2.19.1"
source = { registry = "https://pypi.org/simple" }
sdist = { url = "https://files.pythonhosted.org/packages/7c/2d/c3338d48ea6cc0feb8446d8e6937e1408088a72a39937982cc6111d17f84/pygments-2.19.1.tar.gz", hash = "sha256:61c16d2a8576dc0649d9f39e089b5f02bcd27fba10d8fb4dcc28173f7a45151f", size = 4968581, upload-time = "2025-01-06T17:26:30.443Z" }
wheels = [
    { url = "https://files.pythonhosted.org/packages/8a/0b/9fcc47d19c48b59121088dd6da2488a49d5f72dacf8262e2790a1d2c7d15/pygments-2.19.1-py3-none-any.whl", hash = "sha256:9ea1544ad55cecf4b8242fab6dd35a93bbce657034b0611ee383099054ab6d8c", size = 1225293, upload-time = "2025-01-06T17:26:25.553Z" },
]

[[package]]
name = "pymsgbox"
version = "1.0.9"
source = { registry = "https://pypi.org/simple" }
sdist = { url = "https://files.pythonhosted.org/packages/7d/ff/4c6f31a4f08979f12a663f2aeb6c8b765d3bd592e66eaaac445f547bb875/PyMsgBox-1.0.9.tar.gz", hash = "sha256:2194227de8bff7a3d6da541848705a155dcbb2a06ee120d9f280a1d7f51263ff", size = 18829, upload-time = "2020-10-11T01:51:43.227Z" }

[[package]]
name = "pyobjc-core"
version = "11.0"
source = { registry = "https://pypi.org/simple" }
sdist = { url = "https://files.pythonhosted.org/packages/5c/94/a111239b98260869780a5767e5d74bfd3a8c13a40457f479c28dcd91f89d/pyobjc_core-11.0.tar.gz", hash = "sha256:63bced211cb8a8fb5c8ff46473603da30e51112861bd02c438fbbbc8578d9a70", size = 994931, upload-time = "2025-01-14T19:02:13.938Z" }
wheels = [
    { url = "https://files.pythonhosted.org/packages/72/16/0c468e73dbecb821e3da8819236fe832dfc53eb5f66a11775b055a7589ea/pyobjc_core-11.0-cp313-cp313-macosx_10_13_universal2.whl", hash = "sha256:c338c1deb7ab2e9436d4175d1127da2eeed4a1b564b3d83b9f3ae4844ba97e86", size = 743900, upload-time = "2025-01-14T18:46:54.654Z" },
    { url = "https://files.pythonhosted.org/packages/f3/88/cecec88fd51f62a6cd7775cc4fb6bfde16652f97df88d28c84fb77ca0c18/pyobjc_core-11.0-cp313-cp313t-macosx_10_13_universal2.whl", hash = "sha256:b4e9dc4296110f251a4033ff3f40320b35873ea7f876bd29a1c9705bb5e08c59", size = 791905, upload-time = "2025-01-14T18:46:56.473Z" },
]

[[package]]
name = "pyobjc-framework-cocoa"
version = "11.0"
source = { registry = "https://pypi.org/simple" }
dependencies = [
    { name = "pyobjc-core" },
]
sdist = { url = "https://files.pythonhosted.org/packages/c5/32/53809096ad5fc3e7a2c5ddea642590a5f2cb5b81d0ad6ea67fdb2263d9f9/pyobjc_framework_cocoa-11.0.tar.gz", hash = "sha256:00346a8cb81ad7b017b32ff7bf596000f9faa905807b1bd234644ebd47f692c5", size = 6173848, upload-time = "2025-01-14T19:03:00.125Z" }
wheels = [
    { url = "https://files.pythonhosted.org/packages/1d/a5/609281a7e89efefbef9db1d8fe66bc0458c3b4e74e2227c644f9c18926fa/pyobjc_framework_Cocoa-11.0-cp313-cp313-macosx_10_13_universal2.whl", hash = "sha256:15b2bd977ed340074f930f1330f03d42912d5882b697d78bd06f8ebe263ef92e", size = 385889, upload-time = "2025-01-14T18:49:30.605Z" },
    { url = "https://files.pythonhosted.org/packages/93/f6/2d5a863673ef7b85a3cba875c43e6c495fb1307427a6801001ae94bb5e54/pyobjc_framework_Cocoa-11.0-cp313-cp313t-macosx_10_13_universal2.whl", hash = "sha256:5750001db544e67f2b66f02067d8f0da96bb2ef71732bde104f01b8628f9d7ea", size = 389831, upload-time = "2025-01-14T18:49:31.963Z" },
]

[[package]]
name = "pyobjc-framework-quartz"
version = "11.0"
source = { registry = "https://pypi.org/simple" }
dependencies = [
    { name = "pyobjc-core" },
    { name = "pyobjc-framework-cocoa" },
]
sdist = { url = "https://files.pythonhosted.org/packages/a5/ad/f00f3f53387c23bbf4e0bb1410e11978cbf87c82fa6baff0ee86f74c5fb6/pyobjc_framework_quartz-11.0.tar.gz", hash = "sha256:3205bf7795fb9ae34747f701486b3db6dfac71924894d1f372977c4d70c3c619", size = 3952463, upload-time = "2025-01-14T19:05:07.931Z" }
wheels = [
    { url = "https://files.pythonhosted.org/packages/a6/9e/54c48fe8faab06ee5eb80796c8c17ec61fc313d84398540ee70abeaf7070/pyobjc_framework_Quartz-11.0-cp313-cp313-macosx_10_13_universal2.whl", hash = "sha256:973b4f9b8ab844574461a038bd5269f425a7368d6e677e3cc81fcc9b27b65498", size = 212478, upload-time = "2025-01-14T18:58:11.491Z" },
    { url = "https://files.pythonhosted.org/packages/4a/28/456b54a59bfe11a91b7b4e94f8ffdcf174ffd1efa169f4283e5b3bc10194/pyobjc_framework_Quartz-11.0-cp313-cp313t-macosx_10_13_universal2.whl", hash = "sha256:66ab58d65348863b8707e63b2ec5cdc54569ee8189d1af90d52f29f5fdf6272c", size = 217973, upload-time = "2025-01-14T18:58:12.739Z" },
]

[[package]]
name = "pyopengl"
version = "3.1.9"
source = { registry = "https://pypi.org/simple" }
sdist = { url = "https://files.pythonhosted.org/packages/c0/42/71080db298df3ddb7e3090bfea8fd7c300894d8b10954c22f8719bd434eb/pyopengl-3.1.9.tar.gz", hash = "sha256:28ebd82c5f4491a418aeca9672dffb3adbe7d33b39eada4548a5b4e8c03f60c8", size = 1913642, upload-time = "2025-01-20T02:17:53.263Z" }
wheels = [
    { url = "https://files.pythonhosted.org/packages/92/44/8634af40b0db528b5b37e901c0dc67321354880d251bf8965901d57693a5/PyOpenGL-3.1.9-py3-none-any.whl", hash = "sha256:15995fd3b0deb991376805da36137a4ae5aba6ddbb5e29ac1f35462d130a3f77", size = 3190341, upload-time = "2025-01-20T02:17:50.913Z" },
]

[[package]]
name = "pyperclip"
version = "1.9.0"
source = { registry = "https://pypi.org/simple" }
sdist = { url = "https://files.pythonhosted.org/packages/30/23/2f0a3efc4d6a32f3b63cdff36cd398d9701d26cda58e3ab97ac79fb5e60d/pyperclip-1.9.0.tar.gz", hash = "sha256:b7de0142ddc81bfc5c7507eea19da920b92252b548b96186caf94a5e2527d310", size = 20961, upload-time = "2024-06-18T20:38:48.401Z" }

[[package]]
name = "pyrect"
version = "0.2.0"
source = { registry = "https://pypi.org/simple" }
sdist = { url = "https://files.pythonhosted.org/packages/cb/04/2ba023d5f771b645f7be0c281cdacdcd939fe13d1deb331fc5ed1a6b3a98/PyRect-0.2.0.tar.gz", hash = "sha256:f65155f6df9b929b67caffbd57c0947c5ae5449d3b580d178074bffb47a09b78", size = 17219, upload-time = "2022-03-16T04:45:52.36Z" }

[[package]]
name = "pyscreeze"
version = "1.0.1"
source = { registry = "https://pypi.org/simple" }
sdist = { url = "https://files.pythonhosted.org/packages/ee/f0/cb456ac4f1a73723d5b866933b7986f02bacea27516629c00f8e7da94c2d/pyscreeze-1.0.1.tar.gz", hash = "sha256:cf1662710f1b46aa5ff229ee23f367da9e20af4a78e6e365bee973cad0ead4be", size = 27826, upload-time = "2024-08-20T23:03:07.291Z" }

[[package]]
name = "pysdl2"
version = "0.9.17"
source = { registry = "https://pypi.org/simple" }
sdist = { url = "https://files.pythonhosted.org/packages/d7/ff/8704d84ad4d25f0a7bf7912504f64575e432e8d57dfba2fe35f5b2db7e04/pysdl2-0.9.17.tar.gz", hash = "sha256:48c6ef01a4eb123db5f7e46e1a1b565675755b07e615f3fe20a623c94735b52b", size = 775955, upload-time = "2024-12-30T18:07:27.562Z" }
wheels = [
    { url = "https://files.pythonhosted.org/packages/5d/e2/399ea7900e7510096aeb41439e6f1540bef0bdf7e15cc2d8464e4adb71e8/PySDL2-0.9.17-py3-none-any.whl", hash = "sha256:fe923dbf5c7b27bbc1eb2bf58abfa793f8f13fd7ae8b27b1bc2de49920bcbd41", size = 583137, upload-time = "2024-12-30T18:07:25.987Z" },
]

[[package]]
name = "pysdl2-dll"
version = "2.32.0"
source = { registry = "https://pypi.org/simple" }
sdist = { url = "https://files.pythonhosted.org/packages/0e/9e/edc54eb68ebdb3e26302c330a6e2171ebb41179fa1245caa03b3ea89c930/pysdl2-dll-2.32.0.tar.gz", hash = "sha256:4ee29af075c0ca2f0f7a4478f9f01d1caa3b8bdcc5ea8492ef379d8528ddd821", size = 15377, upload-time = "2025-03-20T20:50:46.571Z" }
wheels = [
    { url = "https://files.pythonhosted.org/packages/6c/85/8e3290d674f96768efdf62c20630a018a4204d5192bc58af0eca55c2249c/pysdl2_dll-2.32.0-py2.py3-none-macosx_10_11_universal2.whl", hash = "sha256:61adecf7501e074a8b476eebffbc1661f1553681db8d01b3047a9674b737b9fa", size = 6579935, upload-time = "2025-03-20T20:53:03.319Z" },
    { url = "https://files.pythonhosted.org/packages/2a/7e/b699279c78f4ba978dbe17782b18f12909dc04ab1f42c6835aac365518c0/pysdl2_dll-2.32.0-py2.py3-none-macosx_10_11_x86_64.whl", hash = "sha256:745da0fd2bca264620fb65db8fbb473d230a2ddb649952c84b93592d663d95cc", size = 6579932, upload-time = "2025-03-20T20:53:04.686Z" },
    { url = "https://files.pythonhosted.org/packages/6b/fe/8a8d56f3674b6ab685ffc64a5bb3819f643717972f06690b19ba6d72c3e6/pysdl2_dll-2.32.0-py2.py3-none-manylinux2014_i686.whl", hash = "sha256:9f8c5945dda098037be08ff480a995d7c34b9e2e8afcf743de26e8e1ffff0e22", size = 4536089, upload-time = "2025-03-20T20:58:20.977Z" },
    { url = "https://files.pythonhosted.org/packages/ef/09/246560c698f6c857f522134b648e12b5a9fecb89a82abeb1ed36cf17f0f0/pysdl2_dll-2.32.0-py2.py3-none-manylinux2014_x86_64.whl", hash = "sha256:9086bd345be6d4e3463379703701a4ff6acdd2991a49f5722ad4f8bc86b26539", size = 4238730, upload-time = "2025-03-20T21:00:16.371Z" },
    { url = "https://files.pythonhosted.org/packages/a0/87/88203f9a7f72246a1388d7a8cb15045ba119ca4e79bb7d1ad624fe9519f6/pysdl2_dll-2.32.0-py2.py3-none-manylinux_2_28_aarch64.whl", hash = "sha256:c9a5c97b0647f9ddf9ad52f5f95b90d1dbf362ab52fcad0ff091e3f32663b257", size = 4437888, upload-time = "2025-03-20T20:59:27.021Z" },
    { url = "https://files.pythonhosted.org/packages/80/11/9bee58ff7aa742e7917d97a926ff3d1c2e9a67ac2e82244c4c50c51e3df8/pysdl2_dll-2.32.0-py2.py3-none-manylinux_2_28_x86_64.whl", hash = "sha256:490f1525c47ab00d8150ed1245fb306f02628d1b43f0e162e6903ed5c1a4a1ef", size = 5176310, upload-time = "2025-03-20T20:59:43.748Z" },
    { url = "https://files.pythonhosted.org/packages/2e/9c/f09d804737501b4813b3612c95e4d74dcbc0c82a51a74542ed8e5a4a27b0/pysdl2_dll-2.32.0-py2.py3-none-win32.whl", hash = "sha256:0139ce2160d8387fa4f9bbd5272b374be521e9dd133cd9a2d76c20a20d599bed", size = 3405412, upload-time = "2025-03-20T20:51:54.036Z" },
    { url = "https://files.pythonhosted.org/packages/47/ef/5ba6580e06aec8f1e3004269a6939457e63e4791ca1e36ab2e3492a120da/pysdl2_dll-2.32.0-py2.py3-none-win_amd64.whl", hash = "sha256:28f577907bf17df3b3600daebbf0534aeaa44af266430ba09c7e04ab3e22b41f", size = 4042963, upload-time = "2025-03-20T20:52:34.372Z" },
]

[[package]]
name = "python3-xlib"
version = "0.15"
source = { registry = "https://pypi.org/simple" }
sdist = { url = "https://files.pythonhosted.org/packages/ef/c6/2c5999de3bb1533521f1101e8fe56fd9c266732f4d48011c7c69b29d12ae/python3-xlib-0.15.tar.gz", hash = "sha256:dc4245f3ae4aa5949c1d112ee4723901ade37a96721ba9645f2bfa56e5b383f8", size = 132828, upload-time = "2014-05-31T12:28:59.603Z" }

[[package]]
name = "pytweening"
version = "1.2.0"
source = { registry = "https://pypi.org/simple" }
sdist = { url = "https://files.pythonhosted.org/packages/79/0c/c16bc93ac2755bac0066a8ecbd2a2931a1735a6fffd99a2b9681c7e83e90/pytweening-1.2.0.tar.gz", hash = "sha256:243318b7736698066c5f362ec5c2b6434ecf4297c3c8e7caa8abfe6af4cac71b", size = 171241, upload-time = "2024-02-20T03:37:56.809Z" }

[[package]]
name = "rich"
version = "14.0.0"
source = { registry = "https://pypi.org/simple" }
dependencies = [
    { name = "markdown-it-py" },
    { name = "pygments" },
]
sdist = { url = "https://files.pythonhosted.org/packages/a1/53/830aa4c3066a8ab0ae9a9955976fb770fe9c6102117c8ec4ab3ea62d89e8/rich-14.0.0.tar.gz", hash = "sha256:82f1bc23a6a21ebca4ae0c45af9bdbc492ed20231dcb63f297d6d1021a9d5725", size = 224078, upload-time = "2025-03-30T14:15:14.23Z" }
wheels = [
    { url = "https://files.pythonhosted.org/packages/0d/9b/63f4c7ebc259242c89b3acafdb37b41d1185c07ff0011164674e9076b491/rich-14.0.0-py3-none-any.whl", hash = "sha256:1c9491e1951aac09caffd42f448ee3d04e58923ffe14993f6e83068dc395d7e0", size = 243229, upload-time = "2025-03-30T14:15:12.283Z" },
]

[[package]]
name = "rubicon-objc"
version = "0.5.0"
source = { registry = "https://pypi.org/simple" }
sdist = { url = "https://files.pythonhosted.org/packages/d3/13/586c9baa985eae0f718029506b40ca41295d51a546567414b2bcf8ccacef/rubicon_objc-0.5.0.tar.gz", hash = "sha256:18f075649780d95df53d483642068c767d7d2cfbbf075ddef124a44b40b6d92e", size = 173652, upload-time = "2025-01-07T00:25:10.491Z" }
wheels = [
    { url = "https://files.pythonhosted.org/packages/6d/30/5b2407b8762ed882e5732e19c485b9ea2f07d35462615a3212638bab66c2/rubicon_objc-0.5.0-py3-none-any.whl", hash = "sha256:a9c2a605120d6e5be327d3f42a71b60963125987e116f51846757b5e110854fa", size = 62711, upload-time = "2025-01-07T00:25:08.959Z" },
]

[[package]]
name = "symbolic-cues-2025"
version = "0.1.0"
source = { virtual = "." }
dependencies = [
    { name = "construct" },
    { name = "klibs" },
    { name = "pyautogui" },
    { name = "rich" },
]

[package.metadata]
requires-dist = [
    { name = "construct", specifier = ">=2.10.70" },
    { name = "klibs", git = "https://github.com/a-hurst/klibs" },
    { name = "pyautogui", specifier = ">=0.9.54" },
    { name = "rich", specifier = ">=14.0.0" },
]
